
Microsoft Visual Studio Solution File, Format Version 12.00
# Visual Studio Version 17
VisualStudioVersion = 17.2.32519.379
MinimumVisualStudioVersion = 10.0.40219.1
Project("{FAE04EC0-301F-11D3-BF4B-00C04F79EFBC}") = "VL.IO.NetMQ", "VL.IO.NetMQ.csproj", "{0C2EE66D-2D2B-457D-9849-D1BFE6580EBB}"
EndProject
Global
	GlobalSection(SolutionConfigurationPlatforms) = preSolution
		Debug|Any CPU = Debug|Any CPU
		Release|Any CPU = Release|Any CPU
	EndGlobalSection
	GlobalSection(ProjectConfigurationPlatforms) = postSolution
		{0C2EE66D-2D2B-457D-9849-D1BFE6580EBB}.Debug|Any CPU.ActiveCfg = Debug|Any CPU
		{0C2EE66D-2D2B-457D-9849-D1BFE6580EBB}.Debug|Any CPU.Build.0 = Debug|Any CPU
		{0C2EE66D-2D2B-457D-9849-D1BFE6580EBB}.Release|Any CPU.ActiveCfg = Release|Any CPU
		{0C2EE66D-2D2B-457D-9849-D1BFE6580EBB}.Release|Any CPU.Build.0 = Release|Any CPU
	EndGlobalSection
	GlobalSection(SolutionProperties) = preSolution
		HideSolutionNode = FALSE
	EndGlobalSection
	GlobalSection(ExtensibilityGlobals) = postSolution
		SolutionGuid = {BF5C4EAF-F915-4835-8469-9090F5672476}
	EndGlobalSection
EndGlobal
