
Microsoft Visual Studio Solution File, Format Version 12.00
# Visual Studio 14
VisualStudioVersion = 14.0.25123.0
MinimumVisualStudioVersion = 10.0.40219.1
Project("{FAE04EC0-301F-11D3-BF4B-00C04F79EFBC}") = "VL.IO.NetMQ", "VL.IO.NetMQ.csproj", "{0D0950FF-47C8-4F3E-93AF-72C3B1C3DABD}"
EndProject
Global
	GlobalSection(SolutionConfigurationPlatforms) = preSolution
		Debug|Any CPU = Debug|Any CPU
		Release|Any CPU = Release|Any CPU
	EndGlobalSection
	GlobalSection(ProjectConfigurationPlatforms) = postSolution
		{0D0950FF-47C8-4F3E-93AF-72C3B1C3DABD}.Debug|Any CPU.ActiveCfg = Debug|Any CPU
		{0D0950FF-47C8-4F3E-93AF-72C3B1C3DABD}.Debug|Any CPU.Build.0 = Debug|Any CPU
		{0D0950FF-47C8-4F3E-93AF-72C3B1C3DABD}.Release|Any CPU.ActiveCfg = Release|Any CPU
		{0D0950FF-47C8-4F3E-93AF-72C3B1C3DABD}.Release|Any CPU.Build.0 = Release|Any CPU
	EndGlobalSection
	GlobalSection(SolutionProperties) = preSolution
		HideSolutionNode = FALSE
	EndGlobalSection
	GlobalSection(ExtensibilityGlobals) = postSolution
		SolutionGuid = {532BF46C-9912-4FDF-BD32-A59DE19B6CA3}
	EndGlobalSection
EndGlobal
